
Microsoft Visual Studio Solution File, Format Version 12.00
# Visual Studio Version 17
VisualStudioVersion = 17.9.34723.18
MinimumVisualStudioVersion = 10.0.40219.1
Project("{2150E333-8FDC-42A3-9474-1A3956D46DE8}") = "Services", "Services", "{77C38958-2465-494E-BF1F-80E27644CB60}"
EndProject
Project("{9A19103F-16F7-4668-BE54-9A1E7A4F7556}") = "EShop.Services.CouponAPI", "EShop.Services.CouponAPI\EShop.Services.CouponAPI.csproj", "{CF4F4483-1938-4815-90FA-8218A0E14539}"
EndProject
Project("{2150E333-8FDC-42A3-9474-1A3956D46DE8}") = "FrontEnd", "FrontEnd", "{9E4D2E8D-C3FF-484C-B499-F09058BA5823}"
EndProject
Project("{9A19103F-16F7-4668-BE54-9A1E7A4F7556}") = "EShop.Web", "EShop.Web\EShop.Web.csproj", "{1B8BF107-12D8-43E5-BAFE-E901F699912F}"
EndProject
Project("{9A19103F-16F7-4668-BE54-9A1E7A4F7556}") = "EShop.Services.AuthAPI", "EShop.Services.AuthAPI\EShop.Services.AuthAPI.csproj", "{50A41C99-7416-41F7-86B2-C2850A5F6471}"
EndProject
Project("{FAE04EC0-301F-11D3-BF4B-00C04F79EFBC}") = "EShop.Services.ProductAPI", "EShop.Services.ProductAPI\EShop.Services.ProductAPI.csproj", "{079B8DC1-5FE5-4FEB-9390-79DF98D15C2A}"
EndProject
Global
	GlobalSection(SolutionConfigurationPlatforms) = preSolution
		Debug|Any CPU = Debug|Any CPU
		Release|Any CPU = Release|Any CPU
	EndGlobalSection
	GlobalSection(ProjectConfigurationPlatforms) = postSolution
		{CF4F4483-1938-4815-90FA-8218A0E14539}.Debug|Any CPU.ActiveCfg = Debug|Any CPU
		{CF4F4483-1938-4815-90FA-8218A0E14539}.Debug|Any CPU.Build.0 = Debug|Any CPU
		{CF4F4483-1938-4815-90FA-8218A0E14539}.Release|Any CPU.ActiveCfg = Release|Any CPU
		{CF4F4483-1938-4815-90FA-8218A0E14539}.Release|Any CPU.Build.0 = Release|Any CPU
		{1B8BF107-12D8-43E5-BAFE-E901F699912F}.Debug|Any CPU.ActiveCfg = Debug|Any CPU
		{1B8BF107-12D8-43E5-BAFE-E901F699912F}.Debug|Any CPU.Build.0 = Debug|Any CPU
		{1B8BF107-12D8-43E5-BAFE-E901F699912F}.Release|Any CPU.ActiveCfg = Release|Any CPU
		{1B8BF107-12D8-43E5-BAFE-E901F699912F}.Release|Any CPU.Build.0 = Release|Any CPU
		{50A41C99-7416-41F7-86B2-C2850A5F6471}.Debug|Any CPU.ActiveCfg = Debug|Any CPU
		{50A41C99-7416-41F7-86B2-C2850A5F6471}.Debug|Any CPU.Build.0 = Debug|Any CPU
		{50A41C99-7416-41F7-86B2-C2850A5F6471}.Release|Any CPU.ActiveCfg = Release|Any CPU
		{50A41C99-7416-41F7-86B2-C2850A5F6471}.Release|Any CPU.Build.0 = Release|Any CPU
		{079B8DC1-5FE5-4FEB-9390-79DF98D15C2A}.Debug|Any CPU.ActiveCfg = Debug|Any CPU
		{079B8DC1-5FE5-4FEB-9390-79DF98D15C2A}.Debug|Any CPU.Build.0 = Debug|Any CPU
		{079B8DC1-5FE5-4FEB-9390-79DF98D15C2A}.Release|Any CPU.ActiveCfg = Release|Any CPU
		{079B8DC1-5FE5-4FEB-9390-79DF98D15C2A}.Release|Any CPU.Build.0 = Release|Any CPU
	EndGlobalSection
	GlobalSection(SolutionProperties) = preSolution
		HideSolutionNode = FALSE
	EndGlobalSection
	GlobalSection(NestedProjects) = preSolution
		{CF4F4483-1938-4815-90FA-8218A0E14539} = {77C38958-2465-494E-BF1F-80E27644CB60}
		{1B8BF107-12D8-43E5-BAFE-E901F699912F} = {9E4D2E8D-C3FF-484C-B499-F09058BA5823}
		{50A41C99-7416-41F7-86B2-C2850A5F6471} = {77C38958-2465-494E-BF1F-80E27644CB60}
		{079B8DC1-5FE5-4FEB-9390-79DF98D15C2A} = {77C38958-2465-494E-BF1F-80E27644CB60}
	EndGlobalSection
	GlobalSection(ExtensibilityGlobals) = postSolution
		SolutionGuid = {02DC6A9F-AF25-4E69-A8BE-A30441303753}
	EndGlobalSection
EndGlobal
